
Microsoft Visual Studio Solution File, Format Version 12.00
# Visual Studio Version 17
VisualStudioVersion = 17.10.34928.147
MinimumVisualStudioVersion = 10.0.40219.1
Project("{FAE04EC0-301F-11D3-BF4B-00C04F79EFBC}") = "App", "App\App.csproj", "{EA771026-EB4F-47AD-A0B0-410964356DDD}"
EndProject
Project("{FAE04EC0-301F-11D3-BF4B-00C04F79EFBC}") = "App.Tests", "App.Tests\App.Tests.csproj", "{AC60BF23-9EE1-458E-94F8-5DCFBBE53E1D}"
EndProject
Global
	GlobalSection(SolutionConfigurationPlatforms) = preSolution
		Debug|Any CPU = Debug|Any CPU
		Release|Any CPU = Release|Any CPU
	EndGlobalSection
	GlobalSection(ProjectConfigurationPlatforms) = postSolution
		{EA771026-EB4F-47AD-A0B0-410964356DDD}.Debug|Any CPU.ActiveCfg = Debug|Any CPU
		{EA771026-EB4F-47AD-A0B0-410964356DDD}.Debug|Any CPU.Build.0 = Debug|Any CPU
		{EA771026-EB4F-47AD-A0B0-410964356DDD}.Release|Any CPU.ActiveCfg = Release|Any CPU
		{EA771026-EB4F-47AD-A0B0-410964356DDD}.Release|Any CPU.Build.0 = Release|Any CPU
		{AC60BF23-9EE1-458E-94F8-5DCFBBE53E1D}.Debug|Any CPU.ActiveCfg = Debug|Any CPU
		{AC60BF23-9EE1-458E-94F8-5DCFBBE53E1D}.Debug|Any CPU.Build.0 = Debug|Any CPU
		{AC60BF23-9EE1-458E-94F8-5DCFBBE53E1D}.Release|Any CPU.ActiveCfg = Release|Any CPU
		{AC60BF23-9EE1-458E-94F8-5DCFBBE53E1D}.Release|Any CPU.Build.0 = Release|Any CPU
	EndGlobalSection
	GlobalSection(SolutionProperties) = preSolution
		HideSolutionNode = FALSE
	EndGlobalSection
	GlobalSection(ExtensibilityGlobals) = postSolution
		SolutionGuid = {A84F625A-3357-4543-B2A8-221541742375}
	EndGlobalSection
EndGlobal
